// !$*UTF8*$!
{
	archiveVersion = 1;
	classes = {
	};
	objectVersion = 56;
	objects = {

/* Begin PBXBuildFile section */
		C541E6BE2D92146E00D4D8FB /* WorkoutTimerApp.swift in Sources */ = {isa = PBXBuildFile; fileRef = C541E6BD2D92146E00D4D8FB /* WorkoutTimerApp.swift */; };
		C541E6C02D92146E00D4D8FB /* ContentView.swift in Sources */ = {isa = PBXBuildFile; fileRef = C541E6BF2D92146E00D4D8FB /* ContentView.swift */; };
		C541E6C22D92147200D4D8FB /* Assets.xcassets in Resources */ = {isa = PBXBuildFile; fileRef = C541E6C12D92147200D4D8FB /* Assets.xcassets */; };
		C541E6C62D92147200D4D8FB /* Preview Assets.xcassets in Resources */ = {isa = PBXBuildFile; fileRef = C541E6C52D92147200D4D8FB /* Preview Assets.xcassets */; };
		C541E6D02D92147300D4D8FB /* WorkoutTimerTests.swift in Sources */ = {isa = PBXBuildFile; fileRef = C541E6CF2D92147300D4D8FB /* WorkoutTimerTests.swift */; };
		C541E6DA2D92147300D4D8FB /* WorkoutTimerUITests.swift in Sources */ = {isa = PBXBuildFile; fileRef = C541E6D92D92147300D4D8FB /* WorkoutTimerUITests.swift */; };
		C541E6DC2D92147300D4D8FB /* WorkoutTimerUITestsLaunchTests.swift in Sources */ = {isa = PBXBuildFile; fileRef = C541E6DB2D92147300D4D8FB /* WorkoutTimerUITestsLaunchTests.swift */; };
/* End PBXBuildFile section */

/* Begin PBXContainerItemProxy section */
		C541E6CC2D92147300D4D8FB /* PBXContainerItemProxy */ = {
			isa = PBXContainerItemProxy;
			containerPortal = C541E6B22D92146D00D4D8FB /* Project object */;
			proxyType = 1;
			remoteGlobalIDString = C541E6B92D92146D00D4D8FB;
			remoteInfo = WorkoutTimer;
		};
		C541E6D62D92147300D4D8FB /* PBXContainerItemProxy */ = {
			isa = PBXContainerItemProxy;
			containerPortal = C541E6B22D92146D00D4D8FB /* Project object */;
			proxyType = 1;
			remoteGlobalIDString = C541E6B92D92146D00D4D8FB;
			remoteInfo = WorkoutTimer;
		};
/* End PBXContainerItemProxy section */

/* Begin PBXFileReference section */
		C541E6BA2D92146D00D4D8FB /* WorkoutTimer.app */ = {isa = PBXFileReference; explicitFileType = wrapper.application; includeInIndex = 0; path = WorkoutTimer.app; sourceTree = BUILT_PRODUCTS_DIR; };
		C541E6BD2D92146E00D4D8FB /* WorkoutTimerApp.swift */ = {isa = PBXFileReference; lastKnownFileType = sourcecode.swift; path = WorkoutTimerApp.swift; sourceTree = "<group>"; };
		C541E6BF2D92146E00D4D8FB /* ContentView.swift */ = {isa = PBXFileReference; lastKnownFileType = sourcecode.swift; path = ContentView.swift; sourceTree = "<group>"; };
		C541E6C12D92147200D4D8FB /* Assets.xcassets */ = {isa = PBXFileReference; lastKnownFileType = folder.assetcatalog; path = Assets.xcassets; sourceTree = "<group>"; };
		C541E6C32D92147200D4D8FB /* WorkoutTimer.entitlements */ = {isa = PBXFileReference; lastKnownFileType = text.plist.entitlements; path = WorkoutTimer.entitlements; sourceTree = "<group>"; };
		C541E6C52D92147200D4D8FB /* Preview Assets.xcassets */ = {isa = PBXFileReference; lastKnownFileType = folder.assetcatalog; path = "Preview Assets.xcassets"; sourceTree = "<group>"; };
		C541E6CB2D92147300D4D8FB /* WorkoutTimerTests.xctest */ = {isa = PBXFileReference; explicitFileType = wrapper.cfbundle; includeInIndex = 0; path = WorkoutTimerTests.xctest; sourceTree = BUILT_PRODUCTS_DIR; };
		C541E6CF2D92147300D4D8FB /* WorkoutTimerTests.swift */ = {isa = PBXFileReference; lastKnownFileType = sourcecode.swift; path = WorkoutTimerTests.swift; sourceTree = "<group>"; };
		C541E6D52D92147300D4D8FB /* WorkoutTimerUITests.xctest */ = {isa = PBXFileReference; explicitFileType = wrapper.cfbundle; includeInIndex = 0; path = WorkoutTimerUITests.xctest; sourceTree = BUILT_PRODUCTS_DIR; };
		C541E6D92D92147300D4D8FB /* WorkoutTimerUITests.swift */ = {isa = PBXFileReference; lastKnownFileType = sourcecode.swift; path = WorkoutTimerUITests.swift; sourceTree = "<group>"; };
		C541E6DB2D92147300D4D8FB /* WorkoutTimerUITestsLaunchTests.swift */ = {isa = PBXFileReference; lastKnownFileType = sourcecode.swift; path = WorkoutTimerUITestsLaunchTests.swift; sourceTree = "<group>"; };
/* End PBXFileReference section */

/* Begin PBXFrameworksBuildPhase section */
		C541E6B72D92146D00D4D8FB /* Frameworks */ = {
			isa = PBXFrameworksBuildPhase;
			buildActionMask = 2147483647;
			files = (
			);
			runOnlyForDeploymentPostprocessing = 0;
		};
		C541E6C82D92147300D4D8FB /* Frameworks */ = {
			isa = PBXFrameworksBuildPhase;
			buildActionMask = 2147483647;
			files = (
			);
			runOnlyForDeploymentPostprocessing = 0;
		};
		C541E6D22D92147300D4D8FB /* Frameworks */ = {
			isa = PBXFrameworksBuildPhase;
			buildActionMask = 2147483647;
			files = (
			);
			runOnlyForDeploymentPostprocessing = 0;
		};
/* End PBXFrameworksBuildPhase section */

/* Begin PBXGroup section */
		C541E6B12D92146D00D4D8FB = {
			isa = PBXGroup;
			children = (
				C541E6BC2D92146D00D4D8FB /* WorkoutTimer */,
				C541E6CE2D92147300D4D8FB /* WorkoutTimerTests */,
				C541E6D82D92147300D4D8FB /* WorkoutTimerUITests */,
				C541E6BB2D92146D00D4D8FB /* Products */,
			);
			sourceTree = "<group>";
		};
		C541E6BB2D92146D00D4D8FB /* Products */ = {
			isa = PBXGroup;
			children = (
				C541E6BA2D92146D00D4D8FB /* WorkoutTimer.app */,
				C541E6CB2D92147300D4D8FB /* WorkoutTimerTests.xctest */,
				C541E6D52D92147300D4D8FB /* WorkoutTimerUITests.xctest */,
			);
			name = Products;
			sourceTree = "<group>";
		};
		C541E6BC2D92146D00D4D8FB /* WorkoutTimer */ = {
			isa = PBXGroup;
			children = (
				C541E6BD2D92146E00D4D8FB /* WorkoutTimerApp.swift */,
				C541E6BF2D92146E00D4D8FB /* ContentView.swift */,
				C541E6C12D92147200D4D8FB /* Assets.xcassets */,
				C541E6C32D92147200D4D8FB /* WorkoutTimer.entitlements */,
				C541E6C42D92147200D4D8FB /* Preview Content */,
			);
			path = WorkoutTimer;
			sourceTree = "<group>";
		};
		C541E6C42D92147200D4D8FB /* Preview Content */ = {
			isa = PBXGroup;
			children = (
				C541E6C52D92147200D4D8FB /* Preview Assets.xcassets */,
			);
			path = "Preview Content";
			sourceTree = "<group>";
		};
		C541E6CE2D92147300D4D8FB /* WorkoutTimerTests */ = {
			isa = PBXGroup;
			children = (
				C541E6CF2D92147300D4D8FB /* WorkoutTimerTests.swift */,
			);
			path = WorkoutTimerTests;
			sourceTree = "<group>";
		};
		C541E6D82D92147300D4D8FB /* WorkoutTimerUITests */ = {
			isa = PBXGroup;
			children = (
				C541E6D92D92147300D4D8FB /* WorkoutTimerUITests.swift */,
				C541E6DB2D92147300D4D8FB /* WorkoutTimerUITestsLaunchTests.swift */,
			);
			path = WorkoutTimerUITests;
			sourceTree = "<group>";
		};
/* End PBXGroup section */

/* Begin PBXNativeTarget section */
		C541E6B92D92146D00D4D8FB /* WorkoutTimer */ = {
			isa = PBXNativeTarget;
			buildConfigurationList = C541E6DF2D92147300D4D8FB /* Build configuration list for PBXNativeTarget "WorkoutTimer" */;
			buildPhases = (
				C541E6B62D92146D00D4D8FB /* Sources */,
				C541E6B72D92146D00D4D8FB /* Frameworks */,
				C541E6B82D92146D00D4D8FB /* Resources */,
			);
			buildRules = (
			);
			dependencies = (
			);
			name = WorkoutTimer;
			productName = WorkoutTimer;
			productReference = C541E6BA2D92146D00D4D8FB /* WorkoutTimer.app */;
			productType = "com.apple.product-type.application";
		};
		C541E6CA2D92147300D4D8FB /* WorkoutTimerTests */ = {
			isa = PBXNativeTarget;
			buildConfigurationList = C541E6E22D92147300D4D8FB /* Build configuration list for PBXNativeTarget "WorkoutTimerTests" */;
			buildPhases = (
				C541E6C72D92147300D4D8FB /* Sources */,
				C541E6C82D92147300D4D8FB /* Frameworks */,
				C541E6C92D92147300D4D8FB /* Resources */,
			);
			buildRules = (
			);
			dependencies = (
				C541E6CD2D92147300D4D8FB /* PBXTargetDependency */,
			);
			name = WorkoutTimerTests;
			productName = WorkoutTimerTests;
			productReference = C541E6CB2D92147300D4D8FB /* WorkoutTimerTests.xctest */;
			productType = "com.apple.product-type.bundle.unit-test";
		};
		C541E6D42D92147300D4D8FB /* WorkoutTimerUITests */ = {
			isa = PBXNativeTarget;
			buildConfigurationList = C541E6E52D92147300D4D8FB /* Build configuration list for PBXNativeTarget "WorkoutTimerUITests" */;
			buildPhases = (
				C541E6D12D92147300D4D8FB /* Sources */,
				C541E6D22D92147300D4D8FB /* Frameworks */,
				C541E6D32D92147300D4D8FB /* Resources */,
			);
			buildRules = (
			);
			dependencies = (
				C541E6D72D92147300D4D8FB /* PBXTargetDependency */,
			);
			name = WorkoutTimerUITests;
			productName = WorkoutTimerUITests;
			productReference = C541E6D52D92147300D4D8FB /* WorkoutTimerUITests.xctest */;
			productType = "com.apple.product-type.bundle.ui-testing";
		};
/* End PBXNativeTarget section */

/* Begin PBXProject section */
		C541E6B22D92146D00D4D8FB /* Project object */ = {
			isa = PBXProject;
			attributes = {
				BuildIndependentTargetsInParallel = 1;
				LastSwiftUpdateCheck = 1430;
				LastUpgradeCheck = 1430;
				TargetAttributes = {
					C541E6B92D92146D00D4D8FB = {
						CreatedOnToolsVersion = 14.3.1;
					};
					C541E6CA2D92147300D4D8FB = {
						CreatedOnToolsVersion = 14.3.1;
						TestTargetID = C541E6B92D92146D00D4D8FB;
					};
					C541E6D42D92147300D4D8FB = {
						CreatedOnToolsVersion = 14.3.1;
						TestTargetID = C541E6B92D92146D00D4D8FB;
					};
				};
			};
			buildConfigurationList = C541E6B52D92146D00D4D8FB /* Build configuration list for PBXProject "WorkoutTimer" */;
			compatibilityVersion = "Xcode 14.0";
			developmentRegion = en;
			hasScannedForEncodings = 0;
			knownRegions = (
				en,
				Base,
			);
			mainGroup = C541E6B12D92146D00D4D8FB;
			productRefGroup = C541E6BB2D92146D00D4D8FB /* Products */;
			projectDirPath = "";
			projectRoot = "";
			targets = (
				C541E6B92D92146D00D4D8FB /* WorkoutTimer */,
				C541E6CA2D92147300D4D8FB /* WorkoutTimerTests */,
				C541E6D42D92147300D4D8FB /* WorkoutTimerUITests */,
			);
		};
/* End PBXProject section */

/* Begin PBXResourcesBuildPhase section */
		C541E6B82D92146D00D4D8FB /* Resources */ = {
			isa = PBXResourcesBuildPhase;
			buildActionMask = 2147483647;
			files = (
				C541E6C62D92147200D4D8FB /* Preview Assets.xcassets in Resources */,
				C541E6C22D92147200D4D8FB /* Assets.xcassets in Resources */,
			);
			runOnlyForDeploymentPostprocessing = 0;
		};
		C541E6C92D92147300D4D8FB /* Resources */ = {
			isa = PBXResourcesBuildPhase;
			buildActionMask = 2147483647;
			files = (
			);
			runOnlyForDeploymentPostprocessing = 0;
		};
		C541E6D32D92147300D4D8FB /* Resources */ = {
			isa = PBXResourcesBuildPhase;
			buildActionMask = 2147483647;
			files = (
			);
			runOnlyForDeploymentPostprocessing = 0;
		};
/* End PBXResourcesBuildPhase section */

/* Begin PBXSourcesBuildPhase section */
		C541E6B62D92146D00D4D8FB /* Sources */ = {
			isa = PBXSourcesBuildPhase;
			buildActionMask = 2147483647;
			files = (
				C541E6C02D92146E00D4D8FB /* ContentView.swift in Sources */,
				C541E6BE2D92146E00D4D8FB /* WorkoutTimerApp.swift in Sources */,
			);
			runOnlyForDeploymentPostprocessing = 0;
		};
		C541E6C72D92147300D4D8FB /* Sources */ = {
			isa = PBXSourcesBuildPhase;
			buildActionMask = 2147483647;
			files = (
				C541E6D02D92147300D4D8FB /* WorkoutTimerTests.swift in Sources */,
			);
			runOnlyForDeploymentPostprocessing = 0;
		};
		C541E6D12D92147300D4D8FB /* Sources */ = {
			isa = PBXSourcesBuildPhase;
			buildActionMask = 2147483647;
			files = (
				C541E6DC2D92147300D4D8FB /* WorkoutTimerUITestsLaunchTests.swift in Sources */,
				C541E6DA2D92147300D4D8FB /* WorkoutTimerUITests.swift in Sources */,
			);
			runOnlyForDeploymentPostprocessing = 0;
		};
/* End PBXSourcesBuildPhase section */

/* Begin PBXTargetDependency section */
		C541E6CD2D92147300D4D8FB /* PBXTargetDependency */ = {
			isa = PBXTargetDependency;
			target = C541E6B92D92146D00D4D8FB /* WorkoutTimer */;
			targetProxy = C541E6CC2D92147300D4D8FB /* PBXContainerItemProxy */;
		};
		C541E6D72D92147300D4D8FB /* PBXTargetDependency */ = {
			isa = PBXTargetDependency;
			target = C541E6B92D92146D00D4D8FB /* WorkoutTimer */;
			targetProxy = C541E6D62D92147300D4D8FB /* PBXContainerItemProxy */;
		};
/* End PBXTargetDependency section */

/* Begin XCBuildConfiguration section */
		C541E6DD2D92147300D4D8FB /* Debug */ = {
			isa = XCBuildConfiguration;
			buildSettings = {
				ALWAYS_SEARCH_USER_PATHS = NO;
				CLANG_ANALYZER_NONNULL = YES;
				CLANG_ANALYZER_NUMBER_OBJECT_CONVERSION = YES_AGGRESSIVE;
				CLANG_CXX_LANGUAGE_STANDARD = "gnu++20";
				CLANG_ENABLE_MODULES = YES;
				CLANG_ENABLE_OBJC_ARC = YES;
				CLANG_ENABLE_OBJC_WEAK = YES;
				CLANG_WARN_BLOCK_CAPTURE_AUTORELEASING = YES;
				CLANG_WARN_BOOL_CONVERSION = YES;
				CLANG_WARN_COMMA = YES;
				CLANG_WARN_CONSTANT_CONVERSION = YES;
				CLANG_WARN_DEPRECATED_OBJC_IMPLEMENTATIONS = YES;
				CLANG_WARN_DIRECT_OBJC_ISA_USAGE = YES_ERROR;
				CLANG_WARN_DOCUMENTATION_COMMENTS = YES;
				CLANG_WARN_EMPTY_BODY = YES;
				CLANG_WARN_ENUM_CONVERSION = YES;
				CLANG_WARN_INFINITE_RECURSION = YES;
				CLANG_WARN_INT_CONVERSION = YES;
				CLANG_WARN_NON_LITERAL_NULL_CONVERSION = YES;
				CLANG_WARN_OBJC_IMPLICIT_RETAIN_SELF = YES;
				CLANG_WARN_OBJC_LITERAL_CONVERSION = YES;
				CLANG_WARN_OBJC_ROOT_CLASS = YES_ERROR;
				CLANG_WARN_QUOTED_INCLUDE_IN_FRAMEWORK_HEADER = YES;
				CLANG_WARN_RANGE_LOOP_ANALYSIS = YES;
				CLANG_WARN_STRICT_PROTOTYPES = YES;
				CLANG_WARN_SUSPICIOUS_MOVE = YES;
				CLANG_WARN_UNGUARDED_AVAILABILITY = YES_AGGRESSIVE;
				CLANG_WARN_UNREACHABLE_CODE = YES;
				CLANG_WARN__DUPLICATE_METHOD_MATCH = YES;
				COPY_PHASE_STRIP = NO;
				DEBUG_INFORMATION_FORMAT = dwarf;
				ENABLE_STRICT_OBJC_MSGSEND = YES;
				ENABLE_TESTABILITY = YES;
				GCC_C_LANGUAGE_STANDARD = gnu11;
				GCC_DYNAMIC_NO_PIC = NO;
				GCC_NO_COMMON_BLOCKS = YES;
				GCC_OPTIMIZATION_LEVEL = 0;
				GCC_PREPROCESSOR_DEFINITIONS = (
					"DEBUG=1",
					"$(inherited)",
				);
				GCC_WARN_64_TO_32_BIT_CONVERSION = YES;
				GCC_WARN_ABOUT_RETURN_TYPE = YES_ERROR;
				GCC_WARN_UNDECLARED_SELECTOR = YES;
				GCC_WARN_UNINITIALIZED_AUTOS = YES_AGGRESSIVE;
				GCC_WARN_UNUSED_FUNCTION = YES;
				GCC_WARN_UNUSED_VARIABLE = YES;
				MTL_ENABLE_DEBUG_INFO = INCLUDE_SOURCE;
				MTL_FAST_MATH = YES;
				ONLY_ACTIVE_ARCH = YES;
				SWIFT_ACTIVE_COMPILATION_CONDITIONS = DEBUG;
				SWIFT_OPTIMIZATION_LEVEL = "-Onone";
			};
			name = Debug;
		};
		C541E6DE2D92147300D4D8FB /* Release */ = {
			isa = XCBuildConfiguration;
			buildSettings = {
				ALWAYS_SEARCH_USER_PATHS = NO;
				CLANG_ANALYZER_NONNULL = YES;
				CLANG_ANALYZER_NUMBER_OBJECT_CONVERSION = YES_AGGRESSIVE;
				CLANG_CXX_LANGUAGE_STANDARD = "gnu++20";
				CLANG_ENABLE_MODULES = YES;
				CLANG_ENABLE_OBJC_ARC = YES;
				CLANG_ENABLE_OBJC_WEAK = YES;
				CLANG_WARN_BLOCK_CAPTURE_AUTORELEASING = YES;
				CLANG_WARN_BOOL_CONVERSION = YES;
				CLANG_WARN_COMMA = YES;
				CLANG_WARN_CONSTANT_CONVERSION = YES;
				CLANG_WARN_DEPRECATED_OBJC_IMPLEMENTATIONS = YES;
				CLANG_WARN_DIRECT_OBJC_ISA_USAGE = YES_ERROR;
				CLANG_WARN_DOCUMENTATION_COMMENTS = YES;
				CLANG_WARN_EMPTY_BODY = YES;
				CLANG_WARN_ENUM_CONVERSION = YES;
				CLANG_WARN_INFINITE_RECURSION = YES;
				CLANG_WARN_INT_CONVERSION = YES;
				CLANG_WARN_NON_LITERAL_NULL_CONVERSION = YES;
				CLANG_WARN_OBJC_IMPLICIT_RETAIN_SELF = YES;
				CLANG_WARN_OBJC_LITERAL_CONVERSION = YES;
				CLANG_WARN_OBJC_ROOT_CLASS = YES_ERROR;
				CLANG_WARN_QUOTED_INCLUDE_IN_FRAMEWORK_HEADER = YES;
				CLANG_WARN_RANGE_LOOP_ANALYSIS = YES;
				CLANG_WARN_STRICT_PROTOTYPES = YES;
				CLANG_WARN_SUSPICIOUS_MOVE = YES;
				CLANG_WARN_UNGUARDED_AVAILABILITY = YES_AGGRESSIVE;
				CLANG_WARN_UNREACHABLE_CODE = YES;
				CLANG_WARN__DUPLICATE_METHOD_MATCH = YES;
				COPY_PHASE_STRIP = NO;
				DEBUG_INFORMATION_FORMAT = "dwarf-with-dsym";
				ENABLE_NS_ASSERTIONS = NO;
				ENABLE_STRICT_OBJC_MSGSEND = YES;
				GCC_C_LANGUAGE_STANDARD = gnu11;
				GCC_NO_COMMON_BLOCKS = YES;
				GCC_WARN_64_TO_32_BIT_CONVERSION = YES;
				GCC_WARN_ABOUT_RETURN_TYPE = YES_ERROR;
				GCC_WARN_UNDECLARED_SELECTOR = YES;
				GCC_WARN_UNINITIALIZED_AUTOS = YES_AGGRESSIVE;
				GCC_WARN_UNUSED_FUNCTION = YES;
				GCC_WARN_UNUSED_VARIABLE = YES;
				MTL_ENABLE_DEBUG_INFO = NO;
				MTL_FAST_MATH = YES;
				SWIFT_COMPILATION_MODE = wholemodule;
				SWIFT_OPTIMIZATION_LEVEL = "-O";
			};
			name = Release;
		};
		C541E6E02D92147300D4D8FB /* Debug */ = {
			isa = XCBuildConfiguration;
			buildSettings = {
				ASSETCATALOG_COMPILER_APPICON_NAME = AppIcon;
				ASSETCATALOG_COMPILER_GLOBAL_ACCENT_COLOR_NAME = AccentColor;
				CODE_SIGN_ENTITLEMENTS = WorkoutTimer/WorkoutTimer.entitlements;
				CODE_SIGN_STYLE = Automatic;
				CURRENT_PROJECT_VERSION = 1;
				DEVELOPMENT_ASSET_PATHS = "\"WorkoutTimer/Preview Content\"";
				ENABLE_PREVIEWS = YES;
				GENERATE_INFOPLIST_FILE = YES;
				"INFOPLIST_KEY_UIApplicationSceneManifest_Generation[sdk=iphoneos*]" = YES;
				"INFOPLIST_KEY_UIApplicationSceneManifest_Generation[sdk=iphonesimulator*]" = YES;
				"INFOPLIST_KEY_UIApplicationSupportsIndirectInputEvents[sdk=iphoneos*]" = YES;
				"INFOPLIST_KEY_UIApplicationSupportsIndirectInputEvents[sdk=iphonesimulator*]" = YES;
				"INFOPLIST_KEY_UILaunchScreen_Generation[sdk=iphoneos*]" = YES;
				"INFOPLIST_KEY_UILaunchScreen_Generation[sdk=iphonesimulator*]" = YES;
				"INFOPLIST_KEY_UIStatusBarStyle[sdk=iphoneos*]" = UIStatusBarStyleDefault;
				"INFOPLIST_KEY_UIStatusBarStyle[sdk=iphonesimulator*]" = UIStatusBarStyleDefault;
				INFOPLIST_KEY_UISupportedInterfaceOrientations_iPad = "UIInterfaceOrientationPortrait UIInterfaceOrientationPortraitUpsideDown UIInterfaceOrientationLandscapeLeft UIInterfaceOrientationLandscapeRight";
				INFOPLIST_KEY_UISupportedInterfaceOrientations_iPhone = "UIInterfaceOrientationPortrait UIInterfaceOrientationLandscapeLeft UIInterfaceOrientationLandscapeRight";
				IPHONEOS_DEPLOYMENT_TARGET = 16.4;
				LD_RUNPATH_SEARCH_PATHS = "@executable_path/Frameworks";
				"LD_RUNPATH_SEARCH_PATHS[sdk=macosx*]" = "@executable_path/../Frameworks";
				MACOSX_DEPLOYMENT_TARGET = 13.3;
				MARKETING_VERSION = 1.0;
				PRODUCT_BUNDLE_IDENTIFIER = kilala.mega.WorkoutTimer;
				PRODUCT_NAME = "$(TARGET_NAME)";
				SDKROOT = auto;
				SUPPORTED_PLATFORMS = "iphoneos iphonesimulator macosx";
				SWIFT_EMIT_LOC_STRINGS = YES;
				SWIFT_VERSION = 5.0;
				TARGETED_DEVICE_FAMILY = "1,2";
			};
			name = Debug;
		};
		C541E6E12D92147300D4D8FB /* Release */ = {
			isa = XCBuildConfiguration;
			buildSettings = {
				ASSETCATALOG_COMPILER_APPICON_NAME = AppIcon;
				ASSETCATALOG_COMPILER_GLOBAL_ACCENT_COLOR_NAME = AccentColor;
				CODE_SIGN_ENTITLEMENTS = WorkoutTimer/WorkoutTimer.entitlements;
				CODE_SIGN_STYLE = Automatic;
				CURRENT_PROJECT_VERSION = 1;
				DEVELOPMENT_ASSET_PATHS = "\"WorkoutTimer/Preview Content\"";
				ENABLE_PREVIEWS = YES;
				GENERATE_INFOPLIST_FILE = YES;
				"INFOPLIST_KEY_UIApplicationSceneManifest_Generation[sdk=iphoneos*]" = YES;
				"INFOPLIST_KEY_UIApplicationSceneManifest_Generation[sdk=iphonesimulator*]" = YES;
				"INFOPLIST_KEY_UIApplicationSupportsIndirectInputEvents[sdk=iphoneos*]" = YES;
				"INFOPLIST_KEY_UIApplicationSupportsIndirectInputEvents[sdk=iphonesimulator*]" = YES;
				"INFOPLIST_KEY_UILaunchScreen_Generation[sdk=iphoneos*]" = YES;
				"INFOPLIST_KEY_UILaunchScreen_Generation[sdk=iphonesimulator*]" = YES;
				"INFOPLIST_KEY_UIStatusBarStyle[sdk=iphoneos*]" = UIStatusBarStyleDefault;
				"INFOPLIST_KEY_UIStatusBarStyle[sdk=iphonesimulator*]" = UIStatusBarStyleDefault;
				INFOPLIST_KEY_UISupportedInterfaceOrientations_iPad = "UIInterfaceOrientationPortrait UIInterfaceOrientationPortraitUpsideDown UIInterfaceOrientationLandscapeLeft UIInterfaceOrientationLandscapeRight";
				INFOPLIST_KEY_UISupportedInterfaceOrientations_iPhone = "UIInterfaceOrientationPortrait UIInterfaceOrientationLandscapeLeft UIInterfaceOrientationLandscapeRight";
				IPHONEOS_DEPLOYMENT_TARGET = 16.4;
				LD_RUNPATH_SEARCH_PATHS = "@executable_path/Frameworks";
				"LD_RUNPATH_SEARCH_PATHS[sdk=macosx*]" = "@executable_path/../Frameworks";
				MACOSX_DEPLOYMENT_TARGET = 13.3;
				MARKETING_VERSION = 1.0;
				PRODUCT_BUNDLE_IDENTIFIER = kilala.mega.WorkoutTimer;
				PRODUCT_NAME = "$(TARGET_NAME)";
				SDKROOT = auto;
				SUPPORTED_PLATFORMS = "iphoneos iphonesimulator macosx";
				SWIFT_EMIT_LOC_STRINGS = YES;
				SWIFT_VERSION = 5.0;
				TARGETED_DEVICE_FAMILY = "1,2";
			};
			name = Release;
		};
		C541E6E32D92147300D4D8FB /* Debug */ = {
			isa = XCBuildConfiguration;
			buildSettings = {
				ALWAYS_EMBED_SWIFT_STANDARD_LIBRARIES = YES;
				BUNDLE_LOADER = "$(TEST_HOST)";
				CODE_SIGN_STYLE = Automatic;
				CURRENT_PROJECT_VERSION = 1;
				GENERATE_INFOPLIST_FILE = YES;
				IPHONEOS_DEPLOYMENT_TARGET = 16.4;
				MACOSX_DEPLOYMENT_TARGET = 13.3;
				MARKETING_VERSION = 1.0;
				PRODUCT_BUNDLE_IDENTIFIER = kilala.mega.WorkoutTimerTests;
				PRODUCT_NAME = "$(TARGET_NAME)";
				SDKROOT = auto;
				SUPPORTED_PLATFORMS = "iphoneos iphonesimulator macosx";
				SWIFT_EMIT_LOC_STRINGS = NO;
				SWIFT_VERSION = 5.0;
				TARGETED_DEVICE_FAMILY = "1,2";
				TEST_HOST = "$(BUILT_PRODUCTS_DIR)/WorkoutTimer.app/$(BUNDLE_EXECUTABLE_FOLDER_PATH)/WorkoutTimer";
			};
			name = Debug;
		};
		C541E6E42D92147300D4D8FB /* Release */ = {
			isa = XCBuildConfiguration;
			buildSettings = {
				ALWAYS_EMBED_SWIFT_STANDARD_LIBRARIES = YES;
				BUNDLE_LOADER = "$(TEST_HOST)";
				CODE_SIGN_STYLE = Automatic;
				CURRENT_PROJECT_VERSION = 1;
				GENERATE_INFOPLIST_FILE = YES;
				IPHONEOS_DEPLOYMENT_TARGET = 16.4;
				MACOSX_DEPLOYMENT_TARGET = 13.3;
				MARKETING_VERSION = 1.0;
				PRODUCT_BUNDLE_IDENTIFIER = kilala.mega.WorkoutTimerTests;
				PRODUCT_NAME = "$(TARGET_NAME)";
				SDKROOT = auto;
				SUPPORTED_PLATFORMS = "iphoneos iphonesimulator macosx";
				SWIFT_EMIT_LOC_STRINGS = NO;
				SWIFT_VERSION = 5.0;
				TARGETED_DEVICE_FAMILY = "1,2";
				TEST_HOST = "$(BUILT_PRODUCTS_DIR)/WorkoutTimer.app/$(BUNDLE_EXECUTABLE_FOLDER_PATH)/WorkoutTimer";
			};
			name = Release;
		};
		C541E6E62D92147300D4D8FB /* Debug */ = {
			isa = XCBuildConfiguration;
			buildSettings = {
				ALWAYS_EMBED_SWIFT_STANDARD_LIBRARIES = YES;
				CODE_SIGN_STYLE = Automatic;
				CURRENT_PROJECT_VERSION = 1;
				GENERATE_INFOPLIST_FILE = YES;
				IPHONEOS_DEPLOYMENT_TARGET = 16.4;
				MACOSX_DEPLOYMENT_TARGET = 13.3;
				MARKETING_VERSION = 1.0;
				PRODUCT_BUNDLE_IDENTIFIER = kilala.mega.WorkoutTimerUITests;
				PRODUCT_NAME = "$(TARGET_NAME)";
				SDKROOT = auto;
				SUPPORTED_PLATFORMS = "iphoneos iphonesimulator macosx";
				SWIFT_EMIT_LOC_STRINGS = NO;
				SWIFT_VERSION = 5.0;
				TARGETED_DEVICE_FAMILY = "1,2";
				TEST_TARGET_NAME = WorkoutTimer;
			};
			name = Debug;
		};
		C541E6E72D92147300D4D8FB /* Release */ = {
			isa = XCBuildConfiguration;
			buildSettings = {
				ALWAYS_EMBED_SWIFT_STANDARD_LIBRARIES = YES;
				CODE_SIGN_STYLE = Automatic;
				CURRENT_PROJECT_VERSION = 1;
				GENERATE_INFOPLIST_FILE = YES;
				IPHONEOS_DEPLOYMENT_TARGET = 16.4;
				MACOSX_DEPLOYMENT_TARGET = 13.3;
				MARKETING_VERSION = 1.0;
				PRODUCT_BUNDLE_IDENTIFIER = kilala.mega.WorkoutTimerUITests;
				PRODUCT_NAME = "$(TARGET_NAME)";
				SDKROOT = auto;
				SUPPORTED_PLATFORMS = "iphoneos iphonesimulator macosx";
				SWIFT_EMIT_LOC_STRINGS = NO;
				SWIFT_VERSION = 5.0;
				TARGETED_DEVICE_FAMILY = "1,2";
				TEST_TARGET_NAME = WorkoutTimer;
			};
			name = Release;
		};
/* End XCBuildConfiguration section */

/* Begin XCConfigurationList section */
		C541E6B52D92146D00D4D8FB /* Build configuration list for PBXProject "WorkoutTimer" */ = {
			isa = XCConfigurationList;
			buildConfigurations = (
				C541E6DD2D92147300D4D8FB /* Debug */,
				C541E6DE2D92147300D4D8FB /* Release */,
			);
			defaultConfigurationIsVisible = 0;
			defaultConfigurationName = Release;
		};
		C541E6DF2D92147300D4D8FB /* Build configuration list for PBXNativeTarget "WorkoutTimer" */ = {
			isa = XCConfigurationList;
			buildConfigurations = (
				C541E6E02D92147300D4D8FB /* Debug */,
				C541E6E12D92147300D4D8FB /* Release */,
			);
			defaultConfigurationIsVisible = 0;
			defaultConfigurationName = Release;
		};
		C541E6E22D92147300D4D8FB /* Build configuration list for PBXNativeTarget "WorkoutTimerTests" */ = {
			isa = XCConfigurationList;
			buildConfigurations = (
				C541E6E32D92147300D4D8FB /* Debug */,
				C541E6E42D92147300D4D8FB /* Release */,
			);
			defaultConfigurationIsVisible = 0;
			defaultConfigurationName = Release;
		};
		C541E6E52D92147300D4D8FB /* Build configuration list for PBXNativeTarget "WorkoutTimerUITests" */ = {
			isa = XCConfigurationList;
			buildConfigurations = (
				C541E6E62D92147300D4D8FB /* Debug */,
				C541E6E72D92147300D4D8FB /* Release */,
			);
			defaultConfigurationIsVisible = 0;
			defaultConfigurationName = Release;
		};
/* End XCConfigurationList section */
	};
	rootObject = C541E6B22D92146D00D4D8FB /* Project object */;
}
